
Microsoft Visual Studio Solution File, Format Version 12.00
# Visual Studio Version 17
VisualStudioVersion = 17.9.34622.214
MinimumVisualStudioVersion = 10.0.40219.1
Project("{FAE04EC0-301F-11D3-BF4B-00C04F79EFBC}") = "MiniTodo", "MiniTodo.csproj", "{900C6254-73E2-4839-BCB4-55E5596AA9F3}"
EndProject
Global
	GlobalSection(SolutionConfigurationPlatforms) = preSolution
		Debug|Any CPU = Debug|Any CPU
		Release|Any CPU = Release|Any CPU
	EndGlobalSection
	GlobalSection(ProjectConfigurationPlatforms) = postSolution
		{900C6254-73E2-4839-BCB4-55E5596AA9F3}.Debug|Any CPU.ActiveCfg = Debug|Any CPU
		{900C6254-73E2-4839-BCB4-55E5596AA9F3}.Debug|Any CPU.Build.0 = Debug|Any CPU
		{900C6254-73E2-4839-BCB4-55E5596AA9F3}.Release|Any CPU.ActiveCfg = Release|Any CPU
		{900C6254-73E2-4839-BCB4-55E5596AA9F3}.Release|Any CPU.Build.0 = Release|Any CPU
	EndGlobalSection
	GlobalSection(SolutionProperties) = preSolution
		HideSolutionNode = FALSE
	EndGlobalSection
	GlobalSection(ExtensibilityGlobals) = postSolution
		SolutionGuid = {EDA3E5BD-52DD-4F02-A0CA-F1535B6BCA42}
	EndGlobalSection
EndGlobal
